
Microsoft Visual Studio Solution File, Format Version 12.00
# Visual Studio Version 17
VisualStudioVersion = 17.13.35828.75
MinimumVisualStudioVersion = 10.0.40219.1
Project("{FAE04EC0-301F-11D3-BF4B-00C04F79EFBC}") = "Models", "Models\Models.csproj", "{3A73C4C5-5618-4679-A880-C700A64B2852}"
EndProject
Project("{FAE04EC0-301F-11D3-BF4B-00C04F79EFBC}") = "Core", "Core\Core.csproj", "{2928D982-477F-40AD-AFC1-469817A6F03C}"
EndProject
Project("{FAE04EC0-301F-11D3-BF4B-00C04F79EFBC}") = "Management", "Management\Management.csproj", "{B1B022CE-46B0-4F3A-92D8-D5526FC1209D}"
EndProject
Project("{FAE04EC0-301F-11D3-BF4B-00C04F79EFBC}") = "ElysynthCLI", "ElysynthCLI\ElysynthCLI.csproj", "{C632E569-231A-4D72-A369-B1B68BD29A2C}"
EndProject
Global
	GlobalSection(SolutionConfigurationPlatforms) = preSolution
		Debug|Any CPU = Debug|Any CPU
		Release|Any CPU = Release|Any CPU
	EndGlobalSection
	GlobalSection(ProjectConfigurationPlatforms) = postSolution
		{3A73C4C5-5618-4679-A880-C700A64B2852}.Debug|Any CPU.ActiveCfg = Debug|Any CPU
		{3A73C4C5-5618-4679-A880-C700A64B2852}.Debug|Any CPU.Build.0 = Debug|Any CPU
		{3A73C4C5-5618-4679-A880-C700A64B2852}.Release|Any CPU.ActiveCfg = Release|Any CPU
		{3A73C4C5-5618-4679-A880-C700A64B2852}.Release|Any CPU.Build.0 = Release|Any CPU
		{2928D982-477F-40AD-AFC1-469817A6F03C}.Debug|Any CPU.ActiveCfg = Debug|Any CPU
		{2928D982-477F-40AD-AFC1-469817A6F03C}.Debug|Any CPU.Build.0 = Debug|Any CPU
		{2928D982-477F-40AD-AFC1-469817A6F03C}.Release|Any CPU.ActiveCfg = Release|Any CPU
		{2928D982-477F-40AD-AFC1-469817A6F03C}.Release|Any CPU.Build.0 = Release|Any CPU
		{B1B022CE-46B0-4F3A-92D8-D5526FC1209D}.Debug|Any CPU.ActiveCfg = Debug|Any CPU
		{B1B022CE-46B0-4F3A-92D8-D5526FC1209D}.Debug|Any CPU.Build.0 = Debug|Any CPU
		{B1B022CE-46B0-4F3A-92D8-D5526FC1209D}.Release|Any CPU.ActiveCfg = Release|Any CPU
		{B1B022CE-46B0-4F3A-92D8-D5526FC1209D}.Release|Any CPU.Build.0 = Release|Any CPU
		{C632E569-231A-4D72-A369-B1B68BD29A2C}.Debug|Any CPU.ActiveCfg = Debug|Any CPU
		{C632E569-231A-4D72-A369-B1B68BD29A2C}.Debug|Any CPU.Build.0 = Debug|Any CPU
		{C632E569-231A-4D72-A369-B1B68BD29A2C}.Release|Any CPU.ActiveCfg = Release|Any CPU
		{C632E569-231A-4D72-A369-B1B68BD29A2C}.Release|Any CPU.Build.0 = Release|Any CPU
	EndGlobalSection
	GlobalSection(SolutionProperties) = preSolution
		HideSolutionNode = FALSE
	EndGlobalSection
	GlobalSection(ExtensibilityGlobals) = postSolution
		SolutionGuid = {E542FB38-19FF-4F24-ADDB-B767C691725E}
	EndGlobalSection
EndGlobal
