
Microsoft Visual Studio Solution File, Format Version 12.00
# Visual Studio Version 17
VisualStudioVersion = 17.13.35828.75
MinimumVisualStudioVersion = 10.0.40219.1
Project("{FAE04EC0-301F-11D3-BF4B-00C04F79EFBC}") = "Core", "Core\Core.csproj", "{E8486DF4-9C31-416B-B5A3-4E96F742B43B}"
EndProject
Project("{FAE04EC0-301F-11D3-BF4B-00C04F79EFBC}") = "Elysynth", "Elysynth\Elysynth.csproj", "{F6981797-A268-4BCF-983E-1205D335A7E3}"
	ProjectSection(ProjectDependencies) = postProject
		{E8486DF4-9C31-416B-B5A3-4E96F742B43B} = {E8486DF4-9C31-416B-B5A3-4E96F742B43B}
	EndProjectSection
EndProject
Project("{FAE04EC0-301F-11D3-BF4B-00C04F79EFBC}") = "Configuration", "Configuration\Configuration.csproj", "{8439DC10-5A19-454C-8358-D76E2CA77A56}"
EndProject
Project("{FAE04EC0-301F-11D3-BF4B-00C04F79EFBC}") = "Models", "Models\Models.csproj", "{F7C04077-330C-409B-9589-2551E8A85AC9}"
EndProject
Global
	GlobalSection(SolutionConfigurationPlatforms) = preSolution
		Debug|Any CPU = Debug|Any CPU
		Release|Any CPU = Release|Any CPU
	EndGlobalSection
	GlobalSection(ProjectConfigurationPlatforms) = postSolution
		{E8486DF4-9C31-416B-B5A3-4E96F742B43B}.Debug|Any CPU.ActiveCfg = Debug|Any CPU
		{E8486DF4-9C31-416B-B5A3-4E96F742B43B}.Debug|Any CPU.Build.0 = Debug|Any CPU
		{E8486DF4-9C31-416B-B5A3-4E96F742B43B}.Release|Any CPU.ActiveCfg = Release|Any CPU
		{E8486DF4-9C31-416B-B5A3-4E96F742B43B}.Release|Any CPU.Build.0 = Release|Any CPU
		{F6981797-A268-4BCF-983E-1205D335A7E3}.Debug|Any CPU.ActiveCfg = Debug|Any CPU
		{F6981797-A268-4BCF-983E-1205D335A7E3}.Debug|Any CPU.Build.0 = Debug|Any CPU
		{F6981797-A268-4BCF-983E-1205D335A7E3}.Release|Any CPU.ActiveCfg = Release|Any CPU
		{F6981797-A268-4BCF-983E-1205D335A7E3}.Release|Any CPU.Build.0 = Release|Any CPU
		{8439DC10-5A19-454C-8358-D76E2CA77A56}.Debug|Any CPU.ActiveCfg = Debug|Any CPU
		{8439DC10-5A19-454C-8358-D76E2CA77A56}.Debug|Any CPU.Build.0 = Debug|Any CPU
		{8439DC10-5A19-454C-8358-D76E2CA77A56}.Release|Any CPU.ActiveCfg = Release|Any CPU
		{8439DC10-5A19-454C-8358-D76E2CA77A56}.Release|Any CPU.Build.0 = Release|Any CPU
		{F7C04077-330C-409B-9589-2551E8A85AC9}.Debug|Any CPU.ActiveCfg = Debug|Any CPU
		{F7C04077-330C-409B-9589-2551E8A85AC9}.Debug|Any CPU.Build.0 = Debug|Any CPU
		{F7C04077-330C-409B-9589-2551E8A85AC9}.Release|Any CPU.ActiveCfg = Release|Any CPU
		{F7C04077-330C-409B-9589-2551E8A85AC9}.Release|Any CPU.Build.0 = Release|Any CPU
	EndGlobalSection
	GlobalSection(SolutionProperties) = preSolution
		HideSolutionNode = FALSE
	EndGlobalSection
	GlobalSection(ExtensibilityGlobals) = postSolution
		SolutionGuid = {E542FB38-19FF-4F24-ADDB-B767C691725E}
	EndGlobalSection
EndGlobal
